
Microsoft Visual Studio Solution File, Format Version 12.00
# Visual Studio Version 16
VisualStudioVersion = 16.0.31402.337
MinimumVisualStudioVersion = 10.0.40219.1
Project("{FAE04EC0-301F-11D3-BF4B-00C04F79EFBC}") = "SallesWebMvc", "SallesWebMvc\SallesWebMvc.csproj", "{FA52AA70-BE8A-4698-9F80-BB38D5DBF4CC}"
EndProject
Global
	GlobalSection(SolutionConfigurationPlatforms) = preSolution
		Debug|Any CPU = Debug|Any CPU
		Release|Any CPU = Release|Any CPU
	EndGlobalSection
	GlobalSection(ProjectConfigurationPlatforms) = postSolution
		{FA52AA70-BE8A-4698-9F80-BB38D5DBF4CC}.Debug|Any CPU.ActiveCfg = Debug|Any CPU
		{FA52AA70-BE8A-4698-9F80-BB38D5DBF4CC}.Debug|Any CPU.Build.0 = Debug|Any CPU
		{FA52AA70-BE8A-4698-9F80-BB38D5DBF4CC}.Release|Any CPU.ActiveCfg = Release|Any CPU
		{FA52AA70-BE8A-4698-9F80-BB38D5DBF4CC}.Release|Any CPU.Build.0 = Release|Any CPU
	EndGlobalSection
	GlobalSection(SolutionProperties) = preSolution
		HideSolutionNode = FALSE
	EndGlobalSection
	GlobalSection(ExtensibilityGlobals) = postSolution
		SolutionGuid = {4ECC305E-774A-47AD-BD35-327330EE92F1}
	EndGlobalSection
EndGlobal
